
Microsoft Visual Studio Solution File, Format Version 12.00
# Visual Studio Version 17
VisualStudioVersion = 17.11.35303.130
MinimumVisualStudioVersion = 10.0.40219.1
Project("{FAE04EC0-301F-11D3-BF4B-00C04F79EFBC}") = "fünfertest", "fünfertest\fünfertest.csproj", "{CE9077FA-8727-4BF1-9CC9-918E2ACFC36E}"
EndProject
Project("{FAE04EC0-301F-11D3-BF4B-00C04F79EFBC}") = "fünfertest unitest", "fünfertest unitest\fünfertest unitest.csproj", "{CE51EAB6-63CE-4459-B5EB-DBA836BB1415}"
EndProject
Global
	GlobalSection(SolutionConfigurationPlatforms) = preSolution
		Debug|Any CPU = Debug|Any CPU
		Release|Any CPU = Release|Any CPU
	EndGlobalSection
	GlobalSection(ProjectConfigurationPlatforms) = postSolution
		{CE9077FA-8727-4BF1-9CC9-918E2ACFC36E}.Debug|Any CPU.ActiveCfg = Debug|Any CPU
		{CE9077FA-8727-4BF1-9CC9-918E2ACFC36E}.Debug|Any CPU.Build.0 = Debug|Any CPU
		{CE9077FA-8727-4BF1-9CC9-918E2ACFC36E}.Release|Any CPU.ActiveCfg = Release|Any CPU
		{CE9077FA-8727-4BF1-9CC9-918E2ACFC36E}.Release|Any CPU.Build.0 = Release|Any CPU
		{CE51EAB6-63CE-4459-B5EB-DBA836BB1415}.Debug|Any CPU.ActiveCfg = Debug|Any CPU
		{CE51EAB6-63CE-4459-B5EB-DBA836BB1415}.Debug|Any CPU.Build.0 = Debug|Any CPU
		{CE51EAB6-63CE-4459-B5EB-DBA836BB1415}.Release|Any CPU.ActiveCfg = Release|Any CPU
		{CE51EAB6-63CE-4459-B5EB-DBA836BB1415}.Release|Any CPU.Build.0 = Release|Any CPU
	EndGlobalSection
	GlobalSection(SolutionProperties) = preSolution
		HideSolutionNode = FALSE
	EndGlobalSection
	GlobalSection(ExtensibilityGlobals) = postSolution
		SolutionGuid = {E925A517-B169-42AD-A9A5-F09539C31AE8}
	EndGlobalSection
EndGlobal
