
Microsoft Visual Studio Solution File, Format Version 12.00
# Visual Studio Version 17
VisualStudioVersion = 17.11.35303.130
MinimumVisualStudioVersion = 10.0.40219.1
Project("{FAE04EC0-301F-11D3-BF4B-00C04F79EFBC}") = "Programmierauftrag_5", "Programmierauftrag_5\Programmierauftrag_5.csproj", "{F67A6580-0FDB-4DA2-87BD-DC095756A07C}"
EndProject
Global
	GlobalSection(SolutionConfigurationPlatforms) = preSolution
		Debug|Any CPU = Debug|Any CPU
		Release|Any CPU = Release|Any CPU
	EndGlobalSection
	GlobalSection(ProjectConfigurationPlatforms) = postSolution
		{F67A6580-0FDB-4DA2-87BD-DC095756A07C}.Debug|Any CPU.ActiveCfg = Debug|Any CPU
		{F67A6580-0FDB-4DA2-87BD-DC095756A07C}.Debug|Any CPU.Build.0 = Debug|Any CPU
		{F67A6580-0FDB-4DA2-87BD-DC095756A07C}.Release|Any CPU.ActiveCfg = Release|Any CPU
		{F67A6580-0FDB-4DA2-87BD-DC095756A07C}.Release|Any CPU.Build.0 = Release|Any CPU
	EndGlobalSection
	GlobalSection(SolutionProperties) = preSolution
		HideSolutionNode = FALSE
	EndGlobalSection
	GlobalSection(ExtensibilityGlobals) = postSolution
		SolutionGuid = {C1131071-15C7-4C74-A386-98A5651E4703}
	EndGlobalSection
EndGlobal
